
Microsoft Visual Studio Solution File, Format Version 12.00
# Visual Studio Version 16
VisualStudioVersion = 16.0.29905.134
MinimumVisualStudioVersion = 10.0.40219.1
Project("{9A19103F-16F7-4668-BE54-9A1E7A4F7556}") = "MyHorizons", "MyHorizons\MyHorizons.csproj", "{F68E0ECD-62BB-47FB-8B8D-B547256FC3D0}"
EndProject
Project("{FAE04EC0-301F-11D3-BF4B-00C04F79EFBC}") = "MyHorizons.Avalonia", "MyHorizons.Avalonia\MyHorizons.Avalonia.csproj", "{60ED8160-B54B-4323-8A63-D89D0A07A14E}"
EndProject
Global
	GlobalSection(SolutionConfigurationPlatforms) = preSolution
		Debug|Any CPU = Debug|Any CPU
		Release|Any CPU = Release|Any CPU
	EndGlobalSection
	GlobalSection(ProjectConfigurationPlatforms) = postSolution
		{F68E0ECD-62BB-47FB-8B8D-B547256FC3D0}.Debug|Any CPU.ActiveCfg = Debug|Any CPU
		{F68E0ECD-62BB-47FB-8B8D-B547256FC3D0}.Debug|Any CPU.Build.0 = Debug|Any CPU
		{F68E0ECD-62BB-47FB-8B8D-B547256FC3D0}.Release|Any CPU.ActiveCfg = Release|Any CPU
		{F68E0ECD-62BB-47FB-8B8D-B547256FC3D0}.Release|Any CPU.Build.0 = Release|Any CPU
		{60ED8160-B54B-4323-8A63-D89D0A07A14E}.Debug|Any CPU.ActiveCfg = Debug|Any CPU
		{60ED8160-B54B-4323-8A63-D89D0A07A14E}.Debug|Any CPU.Build.0 = Debug|Any CPU
		{60ED8160-B54B-4323-8A63-D89D0A07A14E}.Release|Any CPU.ActiveCfg = Release|Any CPU
		{60ED8160-B54B-4323-8A63-D89D0A07A14E}.Release|Any CPU.Build.0 = Release|Any CPU
	EndGlobalSection
	GlobalSection(SolutionProperties) = preSolution
		HideSolutionNode = FALSE
	EndGlobalSection
	GlobalSection(ExtensibilityGlobals) = postSolution
		SolutionGuid = {35783403-8416-40DA-95ED-D57ED619FE9C}
	EndGlobalSection
EndGlobal
